
Microsoft Visual Studio Solution File, Format Version 12.00
# Visual Studio Version 16
VisualStudioVersion = 16.0.31613.86
MinimumVisualStudioVersion = 10.0.40219.1
Project("{FAE04EC0-301F-11D3-BF4B-00C04F79EFBC}") = "Tic Tac Toe", "Tic Tac Toe\Tic Tac Toe.csproj", "{7BC94E54-6A8C-4FD0-975E-394A0DA7070B}"
EndProject
Global
	GlobalSection(SolutionConfigurationPlatforms) = preSolution
		Debug|Any CPU = Debug|Any CPU
		Release|Any CPU = Release|Any CPU
	EndGlobalSection
	GlobalSection(ProjectConfigurationPlatforms) = postSolution
		{7BC94E54-6A8C-4FD0-975E-394A0DA7070B}.Debug|Any CPU.ActiveCfg = Debug|Any CPU
		{7BC94E54-6A8C-4FD0-975E-394A0DA7070B}.Debug|Any CPU.Build.0 = Debug|Any CPU
		{7BC94E54-6A8C-4FD0-975E-394A0DA7070B}.Release|Any CPU.ActiveCfg = Release|Any CPU
		{7BC94E54-6A8C-4FD0-975E-394A0DA7070B}.Release|Any CPU.Build.0 = Release|Any CPU
	EndGlobalSection
	GlobalSection(SolutionProperties) = preSolution
		HideSolutionNode = FALSE
	EndGlobalSection
	GlobalSection(ExtensibilityGlobals) = postSolution
		SolutionGuid = {C0405BC0-F46D-466D-9645-A5B38F3CEAAC}
	EndGlobalSection
EndGlobal
